
Microsoft Visual Studio Solution File, Format Version 12.00
# Visual Studio Version 16
VisualStudioVersion = 16.0.31910.168
MinimumVisualStudioVersion = 10.0.40219.1
Project("{FAE04EC0-301F-11D3-BF4B-00C04F79EFBC}") = "BookStore", "BookStore\BookStore.csproj", "{D8804523-8566-4194-A0BC-E57FD3E1DFEB}"
EndProject
Global
	GlobalSection(SolutionConfigurationPlatforms) = preSolution
		Debug|Any CPU = Debug|Any CPU
		Release|Any CPU = Release|Any CPU
	EndGlobalSection
	GlobalSection(ProjectConfigurationPlatforms) = postSolution
		{D8804523-8566-4194-A0BC-E57FD3E1DFEB}.Debug|Any CPU.ActiveCfg = Debug|Any CPU
		{D8804523-8566-4194-A0BC-E57FD3E1DFEB}.Debug|Any CPU.Build.0 = Debug|Any CPU
		{D8804523-8566-4194-A0BC-E57FD3E1DFEB}.Release|Any CPU.ActiveCfg = Release|Any CPU
		{D8804523-8566-4194-A0BC-E57FD3E1DFEB}.Release|Any CPU.Build.0 = Release|Any CPU
	EndGlobalSection
	GlobalSection(SolutionProperties) = preSolution
		HideSolutionNode = FALSE
	EndGlobalSection
	GlobalSection(ExtensibilityGlobals) = postSolution
		SolutionGuid = {5B665D55-8CE7-4884-BFF2-1FBBF3F4ECE6}
	EndGlobalSection
EndGlobal
